
Microsoft Visual Studio Solution File, Format Version 12.00
# Visual Studio Version 17
VisualStudioVersion = 17.8.34330.188
MinimumVisualStudioVersion = 10.0.40219.1
Project("{FAE04EC0-301F-11D3-BF4B-00C04F79EFBC}") = "AssetInformation", "AssetInformation.csproj", "{0E8A0076-EA4D-4A39-BC47-977227B3A796}"
EndProject
Global
	GlobalSection(SolutionConfigurationPlatforms) = preSolution
		Debug|Any CPU = Debug|Any CPU
		Release|Any CPU = Release|Any CPU
	EndGlobalSection
	GlobalSection(ProjectConfigurationPlatforms) = postSolution
		{0E8A0076-EA4D-4A39-BC47-977227B3A796}.Debug|Any CPU.ActiveCfg = Debug|Any CPU
		{0E8A0076-EA4D-4A39-BC47-977227B3A796}.Debug|Any CPU.Build.0 = Debug|Any CPU
		{0E8A0076-EA4D-4A39-BC47-977227B3A796}.Release|Any CPU.ActiveCfg = Release|Any CPU
		{0E8A0076-EA4D-4A39-BC47-977227B3A796}.Release|Any CPU.Build.0 = Release|Any CPU
	EndGlobalSection
	GlobalSection(SolutionProperties) = preSolution
		HideSolutionNode = FALSE
	EndGlobalSection
	GlobalSection(ExtensibilityGlobals) = postSolution
		SolutionGuid = {FB197361-5EC1-4F99-B70F-BE8A30D877D8}
	EndGlobalSection
EndGlobal
